{
    "_readme": [
        "This file locks the dependencies of your project to a known state",
        "Read more about it at https://getcomposer.org/doc/01-basic-usage.md#installing-dependencies",
        "This file is @generated automatically"
    ],
    "content-hash": "ec15a518ca38dd7c157c682975bc5501",
    "packages": [
        {
            "name": "crimsonking/fragments",
            "version": "v0.8.1",
            "source": {
                "type": "git",
                "url": "https://github.com/o-alquimista/fragments.git",
                "reference": "1c520f23a58c4217190e70094a307f8fdbc4b633"
            },
            "dist": {
                "type": "zip",
                "url": "https://api.github.com/repos/o-alquimista/fragments/zipball/1c520f23a58c4217190e70094a307f8fdbc4b633",
                "reference": "1c520f23a58c4217190e70094a307f8fdbc4b633",
                "shasum": ""
            },
            "type": "library",
            "autoload": {
                "psr-4": {
                    "Fragments\\Bundle\\": "src/Fragments/Bundle",
                    "Fragments\\Component\\": "src/Fragments/Component"
                }
            },
            "notification-url": "https://packagist.org/downloads/",
            "license": [
                "AGPL-3.0-or-later"
            ],
            "authors": [
                {
                    "name": "Douglas Silva",
                    "email": "doug.hs@protonmail.ch"
                }
            ],
            "description": "A small PHP framework for web applications",
            "support": {
                "issues": "https://github.com/o-alquimista/fragments/issues",
                "source": "https://github.com/o-alquimista/fragments/tree/v0.8.1"
            },
            "time": "2020-11-02T16:44:01+00:00"
        },
        {
            "name": "twbs/bootstrap",
            "version": "v4.5.2",
            "source": {
                "type": "git",
                "url": "https://github.com/twbs/bootstrap.git",
                "reference": "5f2480a90ab911babc53039835fe78c6fc12646d"
            },
            "dist": {
                "type": "zip",
                "url": "https://api.github.com/repos/twbs/bootstrap/zipball/5f2480a90ab911babc53039835fe78c6fc12646d",
                "reference": "5f2480a90ab911babc53039835fe78c6fc12646d",
                "shasum": ""
            },
            "replace": {
                "twitter/bootstrap": "self.version"
            },
            "type": "library",
            "extra": {
                "branch-alias": {
                    "dev-master": "3.3.x-dev"
                }
            },
            "notification-url": "https://packagist.org/downloads/",
            "license": [
                "MIT"
            ],
            "authors": [
                {
                    "name": "Mark Otto",
                    "email": "markdotto@gmail.com"
                },
                {
                    "name": "Jacob Thornton",
                    "email": "jacobthornton@gmail.com"
                }
            ],
            "description": "The most popular front-end framework for developing responsive, mobile first projects on the web.",
            "homepage": "https://getbootstrap.com/",
            "keywords": [
                "JS",
                "css",
                "framework",
                "front-end",
                "mobile-first",
                "responsive",
                "sass",
                "web"
            ],
            "support": {
                "issues": "https://github.com/twbs/bootstrap/issues",
                "source": "https://github.com/twbs/bootstrap/tree/v4-dev"
            },
            "funding": [
                {
                    "url": "https://opencollective.com/bootstrap",
                    "type": "open_collective"
                }
            ],
            "time": "2020-08-06T16:22:43+00:00"
        }
    ],
    "packages-dev": [],
    "aliases": [],
    "minimum-stability": "stable",
    "stability-flags": [],
    "prefer-stable": false,
    "prefer-lowest": false,
    "platform": [],
    "platform-dev": [],
    "plugin-api-version": "2.0.0"
}
